
Microsoft Visual Studio Solution File, Format Version 12.00
# Visual Studio Version 17
VisualStudioVersion = 17.5.33502.453
MinimumVisualStudioVersion = 10.0.40219.1
Project("{9A19103F-16F7-4668-BE54-9A1E7A4F7556}") = "SharpJaad", "SharpJaad\SharpJaad.csproj", "{D231EF10-C5D5-4FD9-8FCB-85432B7B3134}"
EndProject
Project("{9A19103F-16F7-4668-BE54-9A1E7A4F7556}") = "SharpJaadMain", "SharpJaadMain\SharpJaadMain.csproj", "{50E8C48A-8E1E-479F-976A-23395C676E48}"
EndProject
Project("{FAE04EC0-301F-11D3-BF4B-00C04F79EFBC}") = "SharpJaad.AAC", "SharpJaad.AAC\SharpJaad.AAC.csproj", "{A49E70B2-AF35-415B-8B69-7088D98C6973}"
EndProject
Project("{2150E333-8FDC-42A3-9474-1A3956D46DE8}") = "Solution Items", "Solution Items", "{8EC462FD-D22E-90A8-E5CE-7E832BA40C5D}"
	ProjectSection(SolutionItems) = preProject
		Directory.Build.props = Directory.Build.props
	EndProjectSection
EndProject
Global
	GlobalSection(SolutionConfigurationPlatforms) = preSolution
		Debug|Any CPU = Debug|Any CPU
		Release|Any CPU = Release|Any CPU
	EndGlobalSection
	GlobalSection(ProjectConfigurationPlatforms) = postSolution
		{D231EF10-C5D5-4FD9-8FCB-85432B7B3134}.Debug|Any CPU.ActiveCfg = Debug|Any CPU
		{D231EF10-C5D5-4FD9-8FCB-85432B7B3134}.Debug|Any CPU.Build.0 = Debug|Any CPU
		{D231EF10-C5D5-4FD9-8FCB-85432B7B3134}.Release|Any CPU.ActiveCfg = Release|Any CPU
		{D231EF10-C5D5-4FD9-8FCB-85432B7B3134}.Release|Any CPU.Build.0 = Release|Any CPU
		{50E8C48A-8E1E-479F-976A-23395C676E48}.Debug|Any CPU.ActiveCfg = Debug|Any CPU
		{50E8C48A-8E1E-479F-976A-23395C676E48}.Debug|Any CPU.Build.0 = Debug|Any CPU
		{50E8C48A-8E1E-479F-976A-23395C676E48}.Release|Any CPU.ActiveCfg = Release|Any CPU
		{50E8C48A-8E1E-479F-976A-23395C676E48}.Release|Any CPU.Build.0 = Release|Any CPU
		{A49E70B2-AF35-415B-8B69-7088D98C6973}.Debug|Any CPU.ActiveCfg = Debug|Any CPU
		{A49E70B2-AF35-415B-8B69-7088D98C6973}.Debug|Any CPU.Build.0 = Debug|Any CPU
		{A49E70B2-AF35-415B-8B69-7088D98C6973}.Release|Any CPU.ActiveCfg = Release|Any CPU
		{A49E70B2-AF35-415B-8B69-7088D98C6973}.Release|Any CPU.Build.0 = Release|Any CPU
	EndGlobalSection
	GlobalSection(SolutionProperties) = preSolution
		HideSolutionNode = FALSE
	EndGlobalSection
	GlobalSection(ExtensibilityGlobals) = postSolution
		SolutionGuid = {288843FF-EACA-48D6-86A9-034D1DF3AFAA}
	EndGlobalSection
EndGlobal
